
Microsoft Visual Studio Solution File, Format Version 10.00
# Visual Studio 2008
Project("{FAE04EC0-301F-11D3-BF4B-00C04F79EFBC}") = "Fuzzsaw", "Fuzzsaw.csproj", "{484DB3E8-375E-467F-9D19-6756B4353D61}"
EndProject
Project("{FAE04EC0-301F-11D3-BF4B-00C04F79EFBC}") = "Common", "..\Common\Common.csproj", "{00ECFFBF-23CB-49DB-BA9D-1C0D8A0F076D}"
EndProject
Project("{FAE04EC0-301F-11D3-BF4B-00C04F79EFBC}") = "Convert2XML", "..\Convert2XML\Convert2XML.csproj", "{655665A1-0B71-4F91-8264-DF52D69624DC}"
EndProject
Global
	GlobalSection(TeamFoundationVersionControl) = preSolution
		SccNumberOfProjects = 4
		SccEnterpriseProvider = {4CA58AB2-18FA-4F8D-95D4-32DDF27D184C}
		SccTeamFoundationServer = http://127.0.0.1:9191/
		SccProjectUniqueName0 = ..\\Common\\Common.csproj
		SccProjectName0 = ../Common
		SccLocalPath0 = ..\\Common
		SccProjectUniqueName1 = ..\\Convert2XML\\Convert2XML.csproj
		SccProjectName1 = ../Convert2XML
		SccLocalPath1 = ..\\Convert2XML
		SccLocalPath2 = .
		SccProjectUniqueName3 = Fuzzsaw.csproj
		SccLocalPath3 = .
	EndGlobalSection
	GlobalSection(SolutionConfigurationPlatforms) = preSolution
		Debug|Any CPU = Debug|Any CPU
		Debug|Mixed Platforms = Debug|Mixed Platforms
		Debug|x86 = Debug|x86
		Release|Any CPU = Release|Any CPU
		Release|Mixed Platforms = Release|Mixed Platforms
		Release|x86 = Release|x86
	EndGlobalSection
	GlobalSection(ProjectConfigurationPlatforms) = postSolution
		{484DB3E8-375E-467F-9D19-6756B4353D61}.Debug|Any CPU.ActiveCfg = Debug|Any CPU
		{484DB3E8-375E-467F-9D19-6756B4353D61}.Debug|Any CPU.Build.0 = Debug|Any CPU
		{484DB3E8-375E-467F-9D19-6756B4353D61}.Debug|Mixed Platforms.ActiveCfg = Debug|Any CPU
		{484DB3E8-375E-467F-9D19-6756B4353D61}.Debug|Mixed Platforms.Build.0 = Debug|Any CPU
		{484DB3E8-375E-467F-9D19-6756B4353D61}.Debug|x86.ActiveCfg = Debug|Any CPU
		{484DB3E8-375E-467F-9D19-6756B4353D61}.Release|Any CPU.ActiveCfg = Release|Any CPU
		{484DB3E8-375E-467F-9D19-6756B4353D61}.Release|Any CPU.Build.0 = Release|Any CPU
		{484DB3E8-375E-467F-9D19-6756B4353D61}.Release|Mixed Platforms.ActiveCfg = Release|Any CPU
		{484DB3E8-375E-467F-9D19-6756B4353D61}.Release|Mixed Platforms.Build.0 = Release|Any CPU
		{484DB3E8-375E-467F-9D19-6756B4353D61}.Release|x86.ActiveCfg = Release|Any CPU
		{00ECFFBF-23CB-49DB-BA9D-1C0D8A0F076D}.Debug|Any CPU.ActiveCfg = Debug|Any CPU
		{00ECFFBF-23CB-49DB-BA9D-1C0D8A0F076D}.Debug|Any CPU.Build.0 = Debug|Any CPU
		{00ECFFBF-23CB-49DB-BA9D-1C0D8A0F076D}.Debug|Mixed Platforms.ActiveCfg = Debug|Any CPU
		{00ECFFBF-23CB-49DB-BA9D-1C0D8A0F076D}.Debug|Mixed Platforms.Build.0 = Debug|Any CPU
		{00ECFFBF-23CB-49DB-BA9D-1C0D8A0F076D}.Debug|x86.ActiveCfg = Debug|Any CPU
		{00ECFFBF-23CB-49DB-BA9D-1C0D8A0F076D}.Release|Any CPU.ActiveCfg = Release|Any CPU
		{00ECFFBF-23CB-49DB-BA9D-1C0D8A0F076D}.Release|Any CPU.Build.0 = Release|Any CPU
		{00ECFFBF-23CB-49DB-BA9D-1C0D8A0F076D}.Release|Mixed Platforms.ActiveCfg = Release|Any CPU
		{00ECFFBF-23CB-49DB-BA9D-1C0D8A0F076D}.Release|Mixed Platforms.Build.0 = Release|Any CPU
		{00ECFFBF-23CB-49DB-BA9D-1C0D8A0F076D}.Release|x86.ActiveCfg = Release|Any CPU
		{655665A1-0B71-4F91-8264-DF52D69624DC}.Debug|Any CPU.ActiveCfg = Debug|Any CPU
		{655665A1-0B71-4F91-8264-DF52D69624DC}.Debug|Any CPU.Build.0 = Debug|Any CPU
		{655665A1-0B71-4F91-8264-DF52D69624DC}.Debug|Mixed Platforms.ActiveCfg = Debug|Any CPU
		{655665A1-0B71-4F91-8264-DF52D69624DC}.Debug|Mixed Platforms.Build.0 = Debug|Any CPU
		{655665A1-0B71-4F91-8264-DF52D69624DC}.Debug|x86.ActiveCfg = Debug|Any CPU
		{655665A1-0B71-4F91-8264-DF52D69624DC}.Release|Any CPU.ActiveCfg = Release|Any CPU
		{655665A1-0B71-4F91-8264-DF52D69624DC}.Release|Any CPU.Build.0 = Release|Any CPU
		{655665A1-0B71-4F91-8264-DF52D69624DC}.Release|Mixed Platforms.ActiveCfg = Release|Any CPU
		{655665A1-0B71-4F91-8264-DF52D69624DC}.Release|Mixed Platforms.Build.0 = Release|Any CPU
		{655665A1-0B71-4F91-8264-DF52D69624DC}.Release|x86.ActiveCfg = Release|Any CPU
	EndGlobalSection
	GlobalSection(SolutionProperties) = preSolution
		HideSolutionNode = FALSE
	EndGlobalSection
EndGlobal
